
Microsoft Visual Studio Solution File, Format Version 12.00
# Visual Studio Version 16
VisualStudioVersion = 16.0.31613.86
MinimumVisualStudioVersion = 10.0.40219.1
Project("{FAE04EC0-301F-11D3-BF4B-00C04F79EFBC}") = "Hotfix", "Hotfix.csproj", "{55CDBB86-221F-41D6-9A2E-B7897CE56857}"
EndProject
Global
	GlobalSection(SolutionConfigurationPlatforms) = preSolution
		Debug|Any CPU = Debug|Any CPU
		Release|Any CPU = Release|Any CPU
	EndGlobalSection
	GlobalSection(ProjectConfigurationPlatforms) = postSolution
		{55CDBB86-221F-41D6-9A2E-B7897CE56857}.Debug|Any CPU.ActiveCfg = Debug|Any CPU
		{55CDBB86-221F-41D6-9A2E-B7897CE56857}.Debug|Any CPU.Build.0 = Debug|Any CPU
		{55CDBB86-221F-41D6-9A2E-B7897CE56857}.Release|Any CPU.ActiveCfg = Release|Any CPU
		{55CDBB86-221F-41D6-9A2E-B7897CE56857}.Release|Any CPU.Build.0 = Release|Any CPU
	EndGlobalSection
	GlobalSection(SolutionProperties) = preSolution
		HideSolutionNode = FALSE
	EndGlobalSection
	GlobalSection(ExtensibilityGlobals) = postSolution
		SolutionGuid = {08A8FDC0-4FA6-4881-9B74-0D1FA49C9214}
	EndGlobalSection
EndGlobal
